// !$*UTF8*$!
{
	archiveVersion = 1;
	classes = {
	};
	objectVersion = 50;
	objects = {

/* Begin PBXBuildFile section */
		C713A10321F7C711006DE862 /* AppDelegate.swift in Sources */ = {isa = PBXBuildFile; fileRef = C713A10221F7C711006DE862 /* AppDelegate.swift */; };
		C713A10521F7C711006DE862 /* ViewController.swift in Sources */ = {isa = PBXBuildFile; fileRef = C713A10421F7C711006DE862 /* ViewController.swift */; };
		C713A10821F7C711006DE862 /* Main.storyboard in Resources */ = {isa = PBXBuildFile; fileRef = C713A10621F7C711006DE862 /* Main.storyboard */; };
		C713A10A21F7C712006DE862 /* Assets.xcassets in Resources */ = {isa = PBXBuildFile; fileRef = C713A10921F7C712006DE862 /* Assets.xcassets */; };
		C713A10D21F7C712006DE862 /* LaunchScreen.storyboard in Resources */ = {isa = PBXBuildFile; fileRef = C713A10B21F7C712006DE862 /* LaunchScreen.storyboard */; };
		C713A11821F7C712006DE862 /* tapFastTests.swift in Sources */ = {isa = PBXBuildFile; fileRef = C713A11721F7C712006DE862 /* tapFastTests.swift */; };
		C713A12321F7C712006DE862 /* tapFastUITests.swift in Sources */ = {isa = PBXBuildFile; fileRef = C713A12221F7C712006DE862 /* tapFastUITests.swift */; };
		C713A13121F914F5006DE862 /* PORKYS_.TTF in Resources */ = {isa = PBXBuildFile; fileRef = C713A13021F914F5006DE862 /* PORKYS_.TTF */; };
		C713A13221F914F5006DE862 /* PORKYS_.TTF in Resources */ = {isa = PBXBuildFile; fileRef = C713A13021F914F5006DE862 /* PORKYS_.TTF */; };
		C713A13321F914F5006DE862 /* PORKYS_.TTF in Resources */ = {isa = PBXBuildFile; fileRef = C713A13021F914F5006DE862 /* PORKYS_.TTF */; };
/* End PBXBuildFile section */

/* Begin PBXContainerItemProxy section */
		C713A11421F7C712006DE862 /* PBXContainerItemProxy */ = {
			isa = PBXContainerItemProxy;
			containerPortal = C713A0F721F7C711006DE862 /* Project object */;
			proxyType = 1;
			remoteGlobalIDString = C713A0FE21F7C711006DE862;
			remoteInfo = tapFast;
		};
		C713A11F21F7C712006DE862 /* PBXContainerItemProxy */ = {
			isa = PBXContainerItemProxy;
			containerPortal = C713A0F721F7C711006DE862 /* Project object */;
			proxyType = 1;
			remoteGlobalIDString = C713A0FE21F7C711006DE862;
			remoteInfo = tapFast;
		};
/* End PBXContainerItemProxy section */

/* Begin PBXFileReference section */
		C713A0FF21F7C711006DE862 /* tapFast.app */ = {isa = PBXFileReference; explicitFileType = wrapper.application; includeInIndex = 0; path = tapFast.app; sourceTree = BUILT_PRODUCTS_DIR; };
		C713A10221F7C711006DE862 /* AppDelegate.swift */ = {isa = PBXFileReference; lastKnownFileType = sourcecode.swift; path = AppDelegate.swift; sourceTree = "<group>"; };
		C713A10421F7C711006DE862 /* ViewController.swift */ = {isa = PBXFileReference; lastKnownFileType = sourcecode.swift; path = ViewController.swift; sourceTree = "<group>"; };
		C713A10721F7C711006DE862 /* Base */ = {isa = PBXFileReference; lastKnownFileType = file.storyboard; name = Base; path = Base.lproj/Main.storyboard; sourceTree = "<group>"; };
		C713A10921F7C712006DE862 /* Assets.xcassets */ = {isa = PBXFileReference; lastKnownFileType = folder.assetcatalog; path = Assets.xcassets; sourceTree = "<group>"; };
		C713A10C21F7C712006DE862 /* Base */ = {isa = PBXFileReference; lastKnownFileType = file.storyboard; name = Base; path = Base.lproj/LaunchScreen.storyboard; sourceTree = "<group>"; };
		C713A10E21F7C712006DE862 /* Info.plist */ = {isa = PBXFileReference; lastKnownFileType = text.plist.xml; path = Info.plist; sourceTree = "<group>"; };
		C713A11321F7C712006DE862 /* tapFastTests.xctest */ = {isa = PBXFileReference; explicitFileType = wrapper.cfbundle; includeInIndex = 0; path = tapFastTests.xctest; sourceTree = BUILT_PRODUCTS_DIR; };
		C713A11721F7C712006DE862 /* tapFastTests.swift */ = {isa = PBXFileReference; lastKnownFileType = sourcecode.swift; path = tapFastTests.swift; sourceTree = "<group>"; };
		C713A11921F7C712006DE862 /* Info.plist */ = {isa = PBXFileReference; lastKnownFileType = text.plist.xml; path = Info.plist; sourceTree = "<group>"; };
		C713A11E21F7C712006DE862 /* tapFastUITests.xctest */ = {isa = PBXFileReference; explicitFileType = wrapper.cfbundle; includeInIndex = 0; path = tapFastUITests.xctest; sourceTree = BUILT_PRODUCTS_DIR; };
		C713A12221F7C712006DE862 /* tapFastUITests.swift */ = {isa = PBXFileReference; lastKnownFileType = sourcecode.swift; path = tapFastUITests.swift; sourceTree = "<group>"; };
		C713A12421F7C712006DE862 /* Info.plist */ = {isa = PBXFileReference; lastKnownFileType = text.plist.xml; path = Info.plist; sourceTree = "<group>"; };
		C713A13021F914F5006DE862 /* PORKYS_.TTF */ = {isa = PBXFileReference; lastKnownFileType = file; path = PORKYS_.TTF; sourceTree = "<group>"; };
/* End PBXFileReference section */

/* Begin PBXFrameworksBuildPhase section */
		C713A0FC21F7C711006DE862 /* Frameworks */ = {
			isa = PBXFrameworksBuildPhase;
			buildActionMask = 2147483647;
			files = (
			);
			runOnlyForDeploymentPostprocessing = 0;
		};
		C713A11021F7C712006DE862 /* Frameworks */ = {
			isa = PBXFrameworksBuildPhase;
			buildActionMask = 2147483647;
			files = (
			);
			runOnlyForDeploymentPostprocessing = 0;
		};
		C713A11B21F7C712006DE862 /* Frameworks */ = {
			isa = PBXFrameworksBuildPhase;
			buildActionMask = 2147483647;
			files = (
			);
			runOnlyForDeploymentPostprocessing = 0;
		};
/* End PBXFrameworksBuildPhase section */

/* Begin PBXGroup section */
		C713A0F621F7C711006DE862 = {
			isa = PBXGroup;
			children = (
				C713A10121F7C711006DE862 /* tapFast */,
				C713A11621F7C712006DE862 /* tapFastTests */,
				C713A12121F7C712006DE862 /* tapFastUITests */,
				C713A10021F7C711006DE862 /* Products */,
			);
			sourceTree = "<group>";
		};
		C713A10021F7C711006DE862 /* Products */ = {
			isa = PBXGroup;
			children = (
				C713A0FF21F7C711006DE862 /* tapFast.app */,
				C713A11321F7C712006DE862 /* tapFastTests.xctest */,
				C713A11E21F7C712006DE862 /* tapFastUITests.xctest */,
			);
			name = Products;
			sourceTree = "<group>";
		};
		C713A10121F7C711006DE862 /* tapFast */ = {
			isa = PBXGroup;
			children = (
				C713A10221F7C711006DE862 /* AppDelegate.swift */,
				C713A10421F7C711006DE862 /* ViewController.swift */,
				C713A10621F7C711006DE862 /* Main.storyboard */,
				C713A10921F7C712006DE862 /* Assets.xcassets */,
				C713A10B21F7C712006DE862 /* LaunchScreen.storyboard */,
				C713A13021F914F5006DE862 /* PORKYS_.TTF */,
				C713A10E21F7C712006DE862 /* Info.plist */,
			);
			path = tapFast;
			sourceTree = "<group>";
		};
		C713A11621F7C712006DE862 /* tapFastTests */ = {
			isa = PBXGroup;
			children = (
				C713A11721F7C712006DE862 /* tapFastTests.swift */,
				C713A11921F7C712006DE862 /* Info.plist */,
			);
			path = tapFastTests;
			sourceTree = "<group>";
		};
		C713A12121F7C712006DE862 /* tapFastUITests */ = {
			isa = PBXGroup;
			children = (
				C713A12221F7C712006DE862 /* tapFastUITests.swift */,
				C713A12421F7C712006DE862 /* Info.plist */,
			);
			path = tapFastUITests;
			sourceTree = "<group>";
		};
/* End PBXGroup section */

/* Begin PBXNativeTarget section */
		C713A0FE21F7C711006DE862 /* tapFast */ = {
			isa = PBXNativeTarget;
			buildConfigurationList = C713A12721F7C712006DE862 /* Build configuration list for PBXNativeTarget "tapFast" */;
			buildPhases = (
				C713A0FB21F7C711006DE862 /* Sources */,
				C713A0FC21F7C711006DE862 /* Frameworks */,
				C713A0FD21F7C711006DE862 /* Resources */,
			);
			buildRules = (
			);
			dependencies = (
			);
			name = tapFast;
			productName = tapFast;
			productReference = C713A0FF21F7C711006DE862 /* tapFast.app */;
			productType = "com.apple.product-type.application";
		};
		C713A11221F7C712006DE862 /* tapFastTests */ = {
			isa = PBXNativeTarget;
			buildConfigurationList = C713A12A21F7C712006DE862 /* Build configuration list for PBXNativeTarget "tapFastTests" */;
			buildPhases = (
				C713A10F21F7C712006DE862 /* Sources */,
				C713A11021F7C712006DE862 /* Frameworks */,
				C713A11121F7C712006DE862 /* Resources */,
			);
			buildRules = (
			);
			dependencies = (
				C713A11521F7C712006DE862 /* PBXTargetDependency */,
			);
			name = tapFastTests;
			productName = tapFastTests;
			productReference = C713A11321F7C712006DE862 /* tapFastTests.xctest */;
			productType = "com.apple.product-type.bundle.unit-test";
		};
		C713A11D21F7C712006DE862 /* tapFastUITests */ = {
			isa = PBXNativeTarget;
			buildConfigurationList = C713A12D21F7C712006DE862 /* Build configuration list for PBXNativeTarget "tapFastUITests" */;
			buildPhases = (
				C713A11A21F7C712006DE862 /* Sources */,
				C713A11B21F7C712006DE862 /* Frameworks */,
				C713A11C21F7C712006DE862 /* Resources */,
			);
			buildRules = (
			);
			dependencies = (
				C713A12021F7C712006DE862 /* PBXTargetDependency */,
			);
			name = tapFastUITests;
			productName = tapFastUITests;
			productReference = C713A11E21F7C712006DE862 /* tapFastUITests.xctest */;
			productType = "com.apple.product-type.bundle.ui-testing";
		};
/* End PBXNativeTarget section */

/* Begin PBXProject section */
		C713A0F721F7C711006DE862 /* Project object */ = {
			isa = PBXProject;
			attributes = {
				LastSwiftUpdateCheck = 1010;
				LastUpgradeCheck = 1010;
				ORGANIZATIONNAME = "Ievgeniia Pavliuchyk";
				TargetAttributes = {
					C713A0FE21F7C711006DE862 = {
						CreatedOnToolsVersion = 10.1;
					};
					C713A11221F7C712006DE862 = {
						CreatedOnToolsVersion = 10.1;
						TestTargetID = C713A0FE21F7C711006DE862;
					};
					C713A11D21F7C712006DE862 = {
						CreatedOnToolsVersion = 10.1;
						TestTargetID = C713A0FE21F7C711006DE862;
					};
				};
			};
			buildConfigurationList = C713A0FA21F7C711006DE862 /* Build configuration list for PBXProject "tapFast" */;
			compatibilityVersion = "Xcode 9.3";
			developmentRegion = en;
			hasScannedForEncodings = 0;
			knownRegions = (
				en,
				Base,
			);
			mainGroup = C713A0F621F7C711006DE862;
			productRefGroup = C713A10021F7C711006DE862 /* Products */;
			projectDirPath = "";
			projectRoot = "";
			targets = (
				C713A0FE21F7C711006DE862 /* tapFast */,
				C713A11221F7C712006DE862 /* tapFastTests */,
				C713A11D21F7C712006DE862 /* tapFastUITests */,
			);
		};
/* End PBXProject section */

/* Begin PBXResourcesBuildPhase section */
		C713A0FD21F7C711006DE862 /* Resources */ = {
			isa = PBXResourcesBuildPhase;
			buildActionMask = 2147483647;
			files = (
				C713A10D21F7C712006DE862 /* LaunchScreen.storyboard in Resources */,
				C713A10A21F7C712006DE862 /* Assets.xcassets in Resources */,
				C713A13121F914F5006DE862 /* PORKYS_.TTF in Resources */,
				C713A10821F7C711006DE862 /* Main.storyboard in Resources */,
			);
			runOnlyForDeploymentPostprocessing = 0;
		};
		C713A11121F7C712006DE862 /* Resources */ = {
			isa = PBXResourcesBuildPhase;
			buildActionMask = 2147483647;
			files = (
				C713A13221F914F5006DE862 /* PORKYS_.TTF in Resources */,
			);
			runOnlyForDeploymentPostprocessing = 0;
		};
		C713A11C21F7C712006DE862 /* Resources */ = {
			isa = PBXResourcesBuildPhase;
			buildActionMask = 2147483647;
			files = (
				C713A13321F914F5006DE862 /* PORKYS_.TTF in Resources */,
			);
			runOnlyForDeploymentPostprocessing = 0;
		};
/* End PBXResourcesBuildPhase section */

/* Begin PBXSourcesBuildPhase section */
		C713A0FB21F7C711006DE862 /* Sources */ = {
			isa = PBXSourcesBuildPhase;
			buildActionMask = 2147483647;
			files = (
				C713A10521F7C711006DE862 /* ViewController.swift in Sources */,
				C713A10321F7C711006DE862 /* AppDelegate.swift in Sources */,
			);
			runOnlyForDeploymentPostprocessing = 0;
		};
		C713A10F21F7C712006DE862 /* Sources */ = {
			isa = PBXSourcesBuildPhase;
			buildActionMask = 2147483647;
			files = (
				C713A11821F7C712006DE862 /* tapFastTests.swift in Sources */,
			);
			runOnlyForDeploymentPostprocessing = 0;
		};
		C713A11A21F7C712006DE862 /* Sources */ = {
			isa = PBXSourcesBuildPhase;
			buildActionMask = 2147483647;
			files = (
				C713A12321F7C712006DE862 /* tapFastUITests.swift in Sources */,
			);
			runOnlyForDeploymentPostprocessing = 0;
		};
/* End PBXSourcesBuildPhase section */

/* Begin PBXTargetDependency section */
		C713A11521F7C712006DE862 /* PBXTargetDependency */ = {
			isa = PBXTargetDependency;
			target = C713A0FE21F7C711006DE862 /* tapFast */;
			targetProxy = C713A11421F7C712006DE862 /* PBXContainerItemProxy */;
		};
		C713A12021F7C712006DE862 /* PBXTargetDependency */ = {
			isa = PBXTargetDependency;
			target = C713A0FE21F7C711006DE862 /* tapFast */;
			targetProxy = C713A11F21F7C712006DE862 /* PBXContainerItemProxy */;
		};
/* End PBXTargetDependency section */

/* Begin PBXVariantGroup section */
		C713A10621F7C711006DE862 /* Main.storyboard */ = {
			isa = PBXVariantGroup;
			children = (
				C713A10721F7C711006DE862 /* Base */,
			);
			name = Main.storyboard;
			sourceTree = "<group>";
		};
		C713A10B21F7C712006DE862 /* LaunchScreen.storyboard */ = {
			isa = PBXVariantGroup;
			children = (
				C713A10C21F7C712006DE862 /* Base */,
			);
			name = LaunchScreen.storyboard;
			sourceTree = "<group>";
		};
/* End PBXVariantGroup section */

/* Begin XCBuildConfiguration section */
		C713A12521F7C712006DE862 /* Debug */ = {
			isa = XCBuildConfiguration;
			buildSettings = {
				ALWAYS_SEARCH_USER_PATHS = NO;
				CLANG_ANALYZER_NONNULL = YES;
				CLANG_ANALYZER_NUMBER_OBJECT_CONVERSION = YES_AGGRESSIVE;
				CLANG_CXX_LANGUAGE_STANDARD = "gnu++14";
				CLANG_CXX_LIBRARY = "libc++";
				CLANG_ENABLE_MODULES = YES;
				CLANG_ENABLE_OBJC_ARC = YES;
				CLANG_ENABLE_OBJC_WEAK = YES;
				CLANG_WARN_BLOCK_CAPTURE_AUTORELEASING = YES;
				CLANG_WARN_BOOL_CONVERSION = YES;
				CLANG_WARN_COMMA = YES;
				CLANG_WARN_CONSTANT_CONVERSION = YES;
				CLANG_WARN_DEPRECATED_OBJC_IMPLEMENTATIONS = YES;
				CLANG_WARN_DIRECT_OBJC_ISA_USAGE = YES_ERROR;
				CLANG_WARN_DOCUMENTATION_COMMENTS = YES;
				CLANG_WARN_EMPTY_BODY = YES;
				CLANG_WARN_ENUM_CONVERSION = YES;
				CLANG_WARN_INFINITE_RECURSION = YES;
				CLANG_WARN_INT_CONVERSION = YES;
				CLANG_WARN_NON_LITERAL_NULL_CONVERSION = YES;
				CLANG_WARN_OBJC_IMPLICIT_RETAIN_SELF = YES;
				CLANG_WARN_OBJC_LITERAL_CONVERSION = YES;
				CLANG_WARN_OBJC_ROOT_CLASS = YES_ERROR;
				CLANG_WARN_RANGE_LOOP_ANALYSIS = YES;
				CLANG_WARN_STRICT_PROTOTYPES = YES;
				CLANG_WARN_SUSPICIOUS_MOVE = YES;
				CLANG_WARN_UNGUARDED_AVAILABILITY = YES_AGGRESSIVE;
				CLANG_WARN_UNREACHABLE_CODE = YES;
				CLANG_WARN__DUPLICATE_METHOD_MATCH = YES;
				CODE_SIGN_IDENTITY = "iPhone Developer";
				COPY_PHASE_STRIP = NO;
				DEBUG_INFORMATION_FORMAT = dwarf;
				ENABLE_STRICT_OBJC_MSGSEND = YES;
				ENABLE_TESTABILITY = YES;
				GCC_C_LANGUAGE_STANDARD = gnu11;
				GCC_DYNAMIC_NO_PIC = NO;
				GCC_NO_COMMON_BLOCKS = YES;
				GCC_OPTIMIZATION_LEVEL = 0;
				GCC_PREPROCESSOR_DEFINITIONS = (
					"DEBUG=1",
					"$(inherited)",
				);
				GCC_WARN_64_TO_32_BIT_CONVERSION = YES;
				GCC_WARN_ABOUT_RETURN_TYPE = YES_ERROR;
				GCC_WARN_UNDECLARED_SELECTOR = YES;
				GCC_WARN_UNINITIALIZED_AUTOS = YES_AGGRESSIVE;
				GCC_WARN_UNUSED_FUNCTION = YES;
				GCC_WARN_UNUSED_VARIABLE = YES;
				IPHONEOS_DEPLOYMENT_TARGET = 12.1;
				MTL_ENABLE_DEBUG_INFO = INCLUDE_SOURCE;
				MTL_FAST_MATH = YES;
				ONLY_ACTIVE_ARCH = YES;
				SDKROOT = iphoneos;
				SWIFT_ACTIVE_COMPILATION_CONDITIONS = DEBUG;
				SWIFT_OPTIMIZATION_LEVEL = "-Onone";
			};
			name = Debug;
		};
		C713A12621F7C712006DE862 /* Release */ = {
			isa = XCBuildConfiguration;
			buildSettings = {
				ALWAYS_SEARCH_USER_PATHS = NO;
				CLANG_ANALYZER_NONNULL = YES;
				CLANG_ANALYZER_NUMBER_OBJECT_CONVERSION = YES_AGGRESSIVE;
				CLANG_CXX_LANGUAGE_STANDARD = "gnu++14";
				CLANG_CXX_LIBRARY = "libc++";
				CLANG_ENABLE_MODULES = YES;
				CLANG_ENABLE_OBJC_ARC = YES;
				CLANG_ENABLE_OBJC_WEAK = YES;
				CLANG_WARN_BLOCK_CAPTURE_AUTORELEASING = YES;
				CLANG_WARN_BOOL_CONVERSION = YES;
				CLANG_WARN_COMMA = YES;
				CLANG_WARN_CONSTANT_CONVERSION = YES;
				CLANG_WARN_DEPRECATED_OBJC_IMPLEMENTATIONS = YES;
				CLANG_WARN_DIRECT_OBJC_ISA_USAGE = YES_ERROR;
				CLANG_WARN_DOCUMENTATION_COMMENTS = YES;
				CLANG_WARN_EMPTY_BODY = YES;
				CLANG_WARN_ENUM_CONVERSION = YES;
				CLANG_WARN_INFINITE_RECURSION = YES;
				CLANG_WARN_INT_CONVERSION = YES;
				CLANG_WARN_NON_LITERAL_NULL_CONVERSION = YES;
				CLANG_WARN_OBJC_IMPLICIT_RETAIN_SELF = YES;
				CLANG_WARN_OBJC_LITERAL_CONVERSION = YES;
				CLANG_WARN_OBJC_ROOT_CLASS = YES_ERROR;
				CLANG_WARN_RANGE_LOOP_ANALYSIS = YES;
				CLANG_WARN_STRICT_PROTOTYPES = YES;
				CLANG_WARN_SUSPICIOUS_MOVE = YES;
				CLANG_WARN_UNGUARDED_AVAILABILITY = YES_AGGRESSIVE;
				CLANG_WARN_UNREACHABLE_CODE = YES;
				CLANG_WARN__DUPLICATE_METHOD_MATCH = YES;
				CODE_SIGN_IDENTITY = "iPhone Developer";
				COPY_PHASE_STRIP = NO;
				DEBUG_INFORMATION_FORMAT = "dwarf-with-dsym";
				ENABLE_NS_ASSERTIONS = NO;
				ENABLE_STRICT_OBJC_MSGSEND = YES;
				GCC_C_LANGUAGE_STANDARD = gnu11;
				GCC_NO_COMMON_BLOCKS = YES;
				GCC_WARN_64_TO_32_BIT_CONVERSION = YES;
				GCC_WARN_ABOUT_RETURN_TYPE = YES_ERROR;
				GCC_WARN_UNDECLARED_SELECTOR = YES;
				GCC_WARN_UNINITIALIZED_AUTOS = YES_AGGRESSIVE;
				GCC_WARN_UNUSED_FUNCTION = YES;
				GCC_WARN_UNUSED_VARIABLE = YES;
				IPHONEOS_DEPLOYMENT_TARGET = 12.1;
				MTL_ENABLE_DEBUG_INFO = NO;
				MTL_FAST_MATH = YES;
				SDKROOT = iphoneos;
				SWIFT_COMPILATION_MODE = wholemodule;
				SWIFT_OPTIMIZATION_LEVEL = "-O";
				VALIDATE_PRODUCT = YES;
			};
			name = Release;
		};
		C713A12821F7C712006DE862 /* Debug */ = {
			isa = XCBuildConfiguration;
			buildSettings = {
				ASSETCATALOG_COMPILER_APPICON_NAME = AppIcon;
				CODE_SIGN_STYLE = Automatic;
				DEVELOPMENT_TEAM = 857WFQPW2K;
				INFOPLIST_FILE = tapFast/Info.plist;
				LD_RUNPATH_SEARCH_PATHS = (
					"$(inherited)",
					"@executable_path/Frameworks",
				);
				PRODUCT_BUNDLE_IDENTIFIER = ip.tapFast;
				PRODUCT_NAME = "$(TARGET_NAME)";
				SWIFT_VERSION = 4.2;
				TARGETED_DEVICE_FAMILY = "1,2";
			};
			name = Debug;
		};
		C713A12921F7C712006DE862 /* Release */ = {
			isa = XCBuildConfiguration;
			buildSettings = {
				ASSETCATALOG_COMPILER_APPICON_NAME = AppIcon;
				CODE_SIGN_STYLE = Automatic;
				DEVELOPMENT_TEAM = 857WFQPW2K;
				INFOPLIST_FILE = tapFast/Info.plist;
				LD_RUNPATH_SEARCH_PATHS = (
					"$(inherited)",
					"@executable_path/Frameworks",
				);
				PRODUCT_BUNDLE_IDENTIFIER = ip.tapFast;
				PRODUCT_NAME = "$(TARGET_NAME)";
				SWIFT_VERSION = 4.2;
				TARGETED_DEVICE_FAMILY = "1,2";
			};
			name = Release;
		};
		C713A12B21F7C712006DE862 /* Debug */ = {
			isa = XCBuildConfiguration;
			buildSettings = {
				ALWAYS_EMBED_SWIFT_STANDARD_LIBRARIES = YES;
				BUNDLE_LOADER = "$(TEST_HOST)";
				CODE_SIGN_STYLE = Automatic;
				DEVELOPMENT_TEAM = 857WFQPW2K;
				INFOPLIST_FILE = tapFastTests/Info.plist;
				LD_RUNPATH_SEARCH_PATHS = (
					"$(inherited)",
					"@executable_path/Frameworks",
					"@loader_path/Frameworks",
				);
				PRODUCT_BUNDLE_IDENTIFIER = ip.tapFastTests;
				PRODUCT_NAME = "$(TARGET_NAME)";
				SWIFT_VERSION = 4.2;
				TARGETED_DEVICE_FAMILY = "1,2";
				TEST_HOST = "$(BUILT_PRODUCTS_DIR)/tapFast.app/tapFast";
			};
			name = Debug;
		};
		C713A12C21F7C712006DE862 /* Release */ = {
			isa = XCBuildConfiguration;
			buildSettings = {
				ALWAYS_EMBED_SWIFT_STANDARD_LIBRARIES = YES;
				BUNDLE_LOADER = "$(TEST_HOST)";
				CODE_SIGN_STYLE = Automatic;
				DEVELOPMENT_TEAM = 857WFQPW2K;
				INFOPLIST_FILE = tapFastTests/Info.plist;
				LD_RUNPATH_SEARCH_PATHS = (
					"$(inherited)",
					"@executable_path/Frameworks",
					"@loader_path/Frameworks",
				);
				PRODUCT_BUNDLE_IDENTIFIER = ip.tapFastTests;
				PRODUCT_NAME = "$(TARGET_NAME)";
				SWIFT_VERSION = 4.2;
				TARGETED_DEVICE_FAMILY = "1,2";
				TEST_HOST = "$(BUILT_PRODUCTS_DIR)/tapFast.app/tapFast";
			};
			name = Release;
		};
		C713A12E21F7C712006DE862 /* Debug */ = {
			isa = XCBuildConfiguration;
			buildSettings = {
				ALWAYS_EMBED_SWIFT_STANDARD_LIBRARIES = YES;
				CODE_SIGN_STYLE = Automatic;
				DEVELOPMENT_TEAM = 857WFQPW2K;
				INFOPLIST_FILE = tapFastUITests/Info.plist;
				LD_RUNPATH_SEARCH_PATHS = (
					"$(inherited)",
					"@executable_path/Frameworks",
					"@loader_path/Frameworks",
				);
				PRODUCT_BUNDLE_IDENTIFIER = ip.tapFastUITests;
				PRODUCT_NAME = "$(TARGET_NAME)";
				SWIFT_VERSION = 4.2;
				TARGETED_DEVICE_FAMILY = "1,2";
				TEST_TARGET_NAME = tapFast;
			};
			name = Debug;
		};
		C713A12F21F7C712006DE862 /* Release */ = {
			isa = XCBuildConfiguration;
			buildSettings = {
				ALWAYS_EMBED_SWIFT_STANDARD_LIBRARIES = YES;
				CODE_SIGN_STYLE = Automatic;
				DEVELOPMENT_TEAM = 857WFQPW2K;
				INFOPLIST_FILE = tapFastUITests/Info.plist;
				LD_RUNPATH_SEARCH_PATHS = (
					"$(inherited)",
					"@executable_path/Frameworks",
					"@loader_path/Frameworks",
				);
				PRODUCT_BUNDLE_IDENTIFIER = ip.tapFastUITests;
				PRODUCT_NAME = "$(TARGET_NAME)";
				SWIFT_VERSION = 4.2;
				TARGETED_DEVICE_FAMILY = "1,2";
				TEST_TARGET_NAME = tapFast;
			};
			name = Release;
		};
/* End XCBuildConfiguration section */

/* Begin XCConfigurationList section */
		C713A0FA21F7C711006DE862 /* Build configuration list for PBXProject "tapFast" */ = {
			isa = XCConfigurationList;
			buildConfigurations = (
				C713A12521F7C712006DE862 /* Debug */,
				C713A12621F7C712006DE862 /* Release */,
			);
			defaultConfigurationIsVisible = 0;
			defaultConfigurationName = Release;
		};
		C713A12721F7C712006DE862 /* Build configuration list for PBXNativeTarget "tapFast" */ = {
			isa = XCConfigurationList;
			buildConfigurations = (
				C713A12821F7C712006DE862 /* Debug */,
				C713A12921F7C712006DE862 /* Release */,
			);
			defaultConfigurationIsVisible = 0;
			defaultConfigurationName = Release;
		};
		C713A12A21F7C712006DE862 /* Build configuration list for PBXNativeTarget "tapFastTests" */ = {
			isa = XCConfigurationList;
			buildConfigurations = (
				C713A12B21F7C712006DE862 /* Debug */,
				C713A12C21F7C712006DE862 /* Release */,
			);
			defaultConfigurationIsVisible = 0;
			defaultConfigurationName = Release;
		};
		C713A12D21F7C712006DE862 /* Build configuration list for PBXNativeTarget "tapFastUITests" */ = {
			isa = XCConfigurationList;
			buildConfigurations = (
				C713A12E21F7C712006DE862 /* Debug */,
				C713A12F21F7C712006DE862 /* Release */,
			);
			defaultConfigurationIsVisible = 0;
			defaultConfigurationName = Release;
		};
/* End XCConfigurationList section */
	};
	rootObject = C713A0F721F7C711006DE862 /* Project object */;
}
